
Microsoft Visual Studio Solution File, Format Version 12.00
# Visual Studio Version 17
VisualStudioVersion = 17.9.34728.123
MinimumVisualStudioVersion = 10.0.40219.1
Project("{FAE04EC0-301F-11D3-BF4B-00C04F79EFBC}") = "V_0.0.1", "V_0.0.1\V_0.0.1.csproj", "{B795610E-DB03-41FE-89DB-3DC75F19F627}"
EndProject
Global
	GlobalSection(SolutionConfigurationPlatforms) = preSolution
		Debug|Any CPU = Debug|Any CPU
		Release|Any CPU = Release|Any CPU
	EndGlobalSection
	GlobalSection(ProjectConfigurationPlatforms) = postSolution
		{B795610E-DB03-41FE-89DB-3DC75F19F627}.Debug|Any CPU.ActiveCfg = Debug|Any CPU
		{B795610E-DB03-41FE-89DB-3DC75F19F627}.Debug|Any CPU.Build.0 = Debug|Any CPU
		{B795610E-DB03-41FE-89DB-3DC75F19F627}.Debug|Any CPU.Deploy.0 = Debug|Any CPU
		{B795610E-DB03-41FE-89DB-3DC75F19F627}.Release|Any CPU.ActiveCfg = Release|Any CPU
		{B795610E-DB03-41FE-89DB-3DC75F19F627}.Release|Any CPU.Build.0 = Release|Any CPU
		{B795610E-DB03-41FE-89DB-3DC75F19F627}.Release|Any CPU.Deploy.0 = Release|Any CPU
	EndGlobalSection
	GlobalSection(SolutionProperties) = preSolution
		HideSolutionNode = FALSE
	EndGlobalSection
	GlobalSection(ExtensibilityGlobals) = postSolution
		SolutionGuid = {7C940F62-AD99-4CDD-BC47-DFBA4427C629}
	EndGlobalSection
EndGlobal
